
Microsoft Visual Studio Solution File, Format Version 12.00
# Visual Studio Version 17
VisualStudioVersion = 17.5.33516.290
MinimumVisualStudioVersion = 10.0.40219.1
Project("{FAE04EC0-301F-11D3-BF4B-00C04F79EFBC}") = "Orderweb", "Orderweb.csproj", "{A7E79871-6C5E-47E9-95D5-FC4E8D3C109B}"
EndProject
Global
	GlobalSection(SolutionConfigurationPlatforms) = preSolution
		Debug|Any CPU = Debug|Any CPU
		Release|Any CPU = Release|Any CPU
	EndGlobalSection
	GlobalSection(ProjectConfigurationPlatforms) = postSolution
		{A7E79871-6C5E-47E9-95D5-FC4E8D3C109B}.Debug|Any CPU.ActiveCfg = Debug|Any CPU
		{A7E79871-6C5E-47E9-95D5-FC4E8D3C109B}.Debug|Any CPU.Build.0 = Debug|Any CPU
		{A7E79871-6C5E-47E9-95D5-FC4E8D3C109B}.Release|Any CPU.ActiveCfg = Release|Any CPU
		{A7E79871-6C5E-47E9-95D5-FC4E8D3C109B}.Release|Any CPU.Build.0 = Release|Any CPU
	EndGlobalSection
	GlobalSection(SolutionProperties) = preSolution
		HideSolutionNode = FALSE
	EndGlobalSection
	GlobalSection(ExtensibilityGlobals) = postSolution
		SolutionGuid = {D643197C-52DF-4DA7-A505-3404590A59C2}
	EndGlobalSection
EndGlobal
